
Microsoft Visual Studio Solution File, Format Version 12.00
# Visual Studio Version 17
VisualStudioVersion = 17.6.33829.357
MinimumVisualStudioVersion = 10.0.40219.1
Project("{FAE04EC0-301F-11D3-BF4B-00C04F79EFBC}") = "StringCalculatorKata", "StringCalculatorKata\StringCalculatorKata.csproj", "{468F79F0-85CD-40B3-99AC-4058EAE04824}"
EndProject
Global
	GlobalSection(SolutionConfigurationPlatforms) = preSolution
		Debug|Any CPU = Debug|Any CPU
		Release|Any CPU = Release|Any CPU
	EndGlobalSection
	GlobalSection(ProjectConfigurationPlatforms) = postSolution
		{468F79F0-85CD-40B3-99AC-4058EAE04824}.Debug|Any CPU.ActiveCfg = Debug|Any CPU
		{468F79F0-85CD-40B3-99AC-4058EAE04824}.Debug|Any CPU.Build.0 = Debug|Any CPU
		{468F79F0-85CD-40B3-99AC-4058EAE04824}.Release|Any CPU.ActiveCfg = Release|Any CPU
		{468F79F0-85CD-40B3-99AC-4058EAE04824}.Release|Any CPU.Build.0 = Release|Any CPU
	EndGlobalSection
	GlobalSection(SolutionProperties) = preSolution
		HideSolutionNode = FALSE
	EndGlobalSection
	GlobalSection(ExtensibilityGlobals) = postSolution
		SolutionGuid = {B2DBBFC5-0AE7-4A61-B86C-DB2B413533F6}
	EndGlobalSection
EndGlobal
